
Microsoft Visual Studio Solution File, Format Version 12.00
# Visual Studio Version 16
VisualStudioVersion = 16.0.32106.194
MinimumVisualStudioVersion = 10.0.40219.1
Project("{FAE04EC0-301F-11D3-BF4B-00C04F79EFBC}") = "SOLID-IS_incorrecto", "SOLID-IS_incorrecto\SOLID-IS_incorrecto.csproj", "{FC2A5F25-8206-4E50-AFE3-EBCE621986F7}"
EndProject
Global
	GlobalSection(SolutionConfigurationPlatforms) = preSolution
		Debug|Any CPU = Debug|Any CPU
		Release|Any CPU = Release|Any CPU
	EndGlobalSection
	GlobalSection(ProjectConfigurationPlatforms) = postSolution
		{FC2A5F25-8206-4E50-AFE3-EBCE621986F7}.Debug|Any CPU.ActiveCfg = Debug|Any CPU
		{FC2A5F25-8206-4E50-AFE3-EBCE621986F7}.Debug|Any CPU.Build.0 = Debug|Any CPU
		{FC2A5F25-8206-4E50-AFE3-EBCE621986F7}.Release|Any CPU.ActiveCfg = Release|Any CPU
		{FC2A5F25-8206-4E50-AFE3-EBCE621986F7}.Release|Any CPU.Build.0 = Release|Any CPU
	EndGlobalSection
	GlobalSection(SolutionProperties) = preSolution
		HideSolutionNode = FALSE
	EndGlobalSection
	GlobalSection(ExtensibilityGlobals) = postSolution
		SolutionGuid = {1AA7A7CC-DA28-4541-B3A2-5E82D501F51F}
	EndGlobalSection
EndGlobal
